// !$*UTF8*$!
{
	archiveVersion = 1;
	classes = {
	};
	objectVersion = 56;
	objects = {

/* Begin PBXBuildFile section */
		1F8F54A72C60FF4800A310BF /* Flohmarkt_2_0App.swift in Sources */ = {isa = PBXBuildFile; fileRef = 1F8F54A62C60FF4800A310BF /* Flohmarkt_2_0App.swift */; };
		1F8F54A92C60FF4800A310BF /* ContentView.swift in Sources */ = {isa = PBXBuildFile; fileRef = 1F8F54A82C60FF4800A310BF /* ContentView.swift */; };
		1F8F54AB2C60FF4900A310BF /* Assets.xcassets in Resources */ = {isa = PBXBuildFile; fileRef = 1F8F54AA2C60FF4900A310BF /* Assets.xcassets */; };
		1F8F54AE2C60FF4900A310BF /* Preview Assets.xcassets in Resources */ = {isa = PBXBuildFile; fileRef = 1F8F54AD2C60FF4900A310BF /* Preview Assets.xcassets */; };
		1F8F54B82C61EEE000A310BF /* User.swift in Sources */ = {isa = PBXBuildFile; fileRef = 1F8F54B72C61EEE000A310BF /* User.swift */; };
		1F8F54BB2C61EEFF00A310BF /* Article.swift in Sources */ = {isa = PBXBuildFile; fileRef = 1F8F54BA2C61EEFF00A310BF /* Article.swift */; };
		1F8F54BD2C61EF1000A310BF /* EnumCategory.swift in Sources */ = {isa = PBXBuildFile; fileRef = 1F8F54BC2C61EF1000A310BF /* EnumCategory.swift */; };
		1F8F54BF2C62125D00A310BF /* UserViewModel.swift in Sources */ = {isa = PBXBuildFile; fileRef = 1F8F54BE2C62125D00A310BF /* UserViewModel.swift */; };
		1F8F54C12C62127600A310BF /* ArticleViewModel.swift in Sources */ = {isa = PBXBuildFile; fileRef = 1F8F54C02C62127600A310BF /* ArticleViewModel.swift */; };
		1F8F54C32C62150A00A310BF /* Category.swift in Sources */ = {isa = PBXBuildFile; fileRef = 1F8F54C22C62150A00A310BF /* Category.swift */; };
		1F8F54C52C623C4900A310BF /* LogInView.swift in Sources */ = {isa = PBXBuildFile; fileRef = 1F8F54C42C623C4900A310BF /* LogInView.swift */; };
		1F8F54C72C623C5D00A310BF /* SignUpView.swift in Sources */ = {isa = PBXBuildFile; fileRef = 1F8F54C62C623C5D00A310BF /* SignUpView.swift */; };
		1F8F54C92C624CF200A310BF /* MainMenue.swift in Sources */ = {isa = PBXBuildFile; fileRef = 1F8F54C82C624CF100A310BF /* MainMenue.swift */; };
		1F8F54CB2C634D7A00A310BF /* CategoriesSell.swift in Sources */ = {isa = PBXBuildFile; fileRef = 1F8F54CA2C634D7A00A310BF /* CategoriesSell.swift */; };
		1F8F54CE2C634F1400A310BF /* CategoriesBuy.swift in Sources */ = {isa = PBXBuildFile; fileRef = 1F8F54CD2C634F1400A310BF /* CategoriesBuy.swift */; };
		1F8F54D02C635C6000A310BF /* AddArticleCard.swift in Sources */ = {isa = PBXBuildFile; fileRef = 1F8F54CF2C635C6000A310BF /* AddArticleCard.swift */; };
		1F8F54D82C64C2CB00A310BF /* ArticleItem.swift in Sources */ = {isa = PBXBuildFile; fileRef = 1F8F54D72C64C2CB00A310BF /* ArticleItem.swift */; };
		1F8F54DA2C64C32800A310BF /* ArticleList.swift in Sources */ = {isa = PBXBuildFile; fileRef = 1F8F54D92C64C32800A310BF /* ArticleList.swift */; };
		F0649F9A2C64B0EC0044B2BA /* SplashScreenView.swift in Sources */ = {isa = PBXBuildFile; fileRef = F0649F992C64B0EC0044B2BA /* SplashScreenView.swift */; };
/* End PBXBuildFile section */

/* Begin PBXFileReference section */
		1F8F54A32C60FF4800A310BF /* Flohmarkt 2.0.app */ = {isa = PBXFileReference; explicitFileType = wrapper.application; includeInIndex = 0; path = "Flohmarkt 2.0.app"; sourceTree = BUILT_PRODUCTS_DIR; };
		1F8F54A62C60FF4800A310BF /* Flohmarkt_2_0App.swift */ = {isa = PBXFileReference; lastKnownFileType = sourcecode.swift; path = Flohmarkt_2_0App.swift; sourceTree = "<group>"; };
		1F8F54A82C60FF4800A310BF /* ContentView.swift */ = {isa = PBXFileReference; lastKnownFileType = sourcecode.swift; path = ContentView.swift; sourceTree = "<group>"; };
		1F8F54AA2C60FF4900A310BF /* Assets.xcassets */ = {isa = PBXFileReference; lastKnownFileType = folder.assetcatalog; path = Assets.xcassets; sourceTree = "<group>"; };
		1F8F54AD2C60FF4900A310BF /* Preview Assets.xcassets */ = {isa = PBXFileReference; lastKnownFileType = folder.assetcatalog; path = "Preview Assets.xcassets"; sourceTree = "<group>"; };
		1F8F54B72C61EEE000A310BF /* User.swift */ = {isa = PBXFileReference; lastKnownFileType = sourcecode.swift; path = User.swift; sourceTree = "<group>"; };
		1F8F54BA2C61EEFF00A310BF /* Article.swift */ = {isa = PBXFileReference; lastKnownFileType = sourcecode.swift; path = Article.swift; sourceTree = "<group>"; };
		1F8F54BC2C61EF1000A310BF /* EnumCategory.swift */ = {isa = PBXFileReference; lastKnownFileType = sourcecode.swift; path = EnumCategory.swift; sourceTree = "<group>"; };
		1F8F54BE2C62125D00A310BF /* UserViewModel.swift */ = {isa = PBXFileReference; lastKnownFileType = sourcecode.swift; path = UserViewModel.swift; sourceTree = "<group>"; };
		1F8F54C02C62127600A310BF /* ArticleViewModel.swift */ = {isa = PBXFileReference; lastKnownFileType = sourcecode.swift; path = ArticleViewModel.swift; sourceTree = "<group>"; };
		1F8F54C22C62150A00A310BF /* Category.swift */ = {isa = PBXFileReference; lastKnownFileType = sourcecode.swift; path = Category.swift; sourceTree = "<group>"; };
		1F8F54C42C623C4900A310BF /* LogInView.swift */ = {isa = PBXFileReference; lastKnownFileType = sourcecode.swift; path = LogInView.swift; sourceTree = "<group>"; };
		1F8F54C62C623C5D00A310BF /* SignUpView.swift */ = {isa = PBXFileReference; lastKnownFileType = sourcecode.swift; path = SignUpView.swift; sourceTree = "<group>"; };
		1F8F54C82C624CF100A310BF /* MainMenue.swift */ = {isa = PBXFileReference; lastKnownFileType = sourcecode.swift; path = MainMenue.swift; sourceTree = "<group>"; };
		1F8F54CA2C634D7A00A310BF /* CategoriesSell.swift */ = {isa = PBXFileReference; lastKnownFileType = sourcecode.swift; path = CategoriesSell.swift; sourceTree = "<group>"; };
		1F8F54CD2C634F1400A310BF /* CategoriesBuy.swift */ = {isa = PBXFileReference; lastKnownFileType = sourcecode.swift; path = CategoriesBuy.swift; sourceTree = "<group>"; };
		1F8F54CF2C635C6000A310BF /* AddArticleCard.swift */ = {isa = PBXFileReference; lastKnownFileType = sourcecode.swift; path = AddArticleCard.swift; sourceTree = "<group>"; };
		1F8F54D72C64C2CB00A310BF /* ArticleItem.swift */ = {isa = PBXFileReference; lastKnownFileType = sourcecode.swift; path = ArticleItem.swift; sourceTree = "<group>"; };
		1F8F54D92C64C32800A310BF /* ArticleList.swift */ = {isa = PBXFileReference; lastKnownFileType = sourcecode.swift; path = ArticleList.swift; sourceTree = "<group>"; };
		F0649F992C64B0EC0044B2BA /* SplashScreenView.swift */ = {isa = PBXFileReference; lastKnownFileType = sourcecode.swift; path = SplashScreenView.swift; sourceTree = "<group>"; };
/* End PBXFileReference section */

/* Begin PBXFrameworksBuildPhase section */
		1F8F54A02C60FF4800A310BF /* Frameworks */ = {
			isa = PBXFrameworksBuildPhase;
			buildActionMask = 2147483647;
			files = (
			);
			runOnlyForDeploymentPostprocessing = 0;
		};
/* End PBXFrameworksBuildPhase section */

/* Begin PBXGroup section */
		1F8F549A2C60FF4800A310BF = {
			isa = PBXGroup;
			children = (
				1F8F54A52C60FF4800A310BF /* Flohmarkt 2.0 */,
				1F8F54A42C60FF4800A310BF /* Products */,
			);
			sourceTree = "<group>";
		};
		1F8F54A42C60FF4800A310BF /* Products */ = {
			isa = PBXGroup;
			children = (
				1F8F54A32C60FF4800A310BF /* Flohmarkt 2.0.app */,
			);
			name = Products;
			sourceTree = "<group>";
		};
		1F8F54A52C60FF4800A310BF /* Flohmarkt 2.0 */ = {
			isa = PBXGroup;
			children = (
				1F8F54B62C61EEC100A310BF /* Views */,
				1F8F54B52C61EEAB00A310BF /* ViewModel */,
				1F8F54B42C61EE9E00A310BF /* Models */,
				1F8F54A62C60FF4800A310BF /* Flohmarkt_2_0App.swift */,
				1F8F54A82C60FF4800A310BF /* ContentView.swift */,
				1F8F54AA2C60FF4900A310BF /* Assets.xcassets */,
				1F8F54AC2C60FF4900A310BF /* Preview Content */,
			);
			path = "Flohmarkt 2.0";
			sourceTree = "<group>";
		};
		1F8F54AC2C60FF4900A310BF /* Preview Content */ = {
			isa = PBXGroup;
			children = (
				1F8F54AD2C60FF4900A310BF /* Preview Assets.xcassets */,
			);
			path = "Preview Content";
			sourceTree = "<group>";
		};
		1F8F54B42C61EE9E00A310BF /* Models */ = {
			isa = PBXGroup;
			children = (
				1F8F54B72C61EEE000A310BF /* User.swift */,
				1F8F54BA2C61EEFF00A310BF /* Article.swift */,
				1F8F54BC2C61EF1000A310BF /* EnumCategory.swift */,
				1F8F54C22C62150A00A310BF /* Category.swift */,
			);
			path = Models;
			sourceTree = "<group>";
		};
		1F8F54B52C61EEAB00A310BF /* ViewModel */ = {
			isa = PBXGroup;
			children = (
				1F8F54BE2C62125D00A310BF /* UserViewModel.swift */,
				1F8F54C02C62127600A310BF /* ArticleViewModel.swift */,
			);
			path = ViewModel;
			sourceTree = "<group>";
		};
		1F8F54B62C61EEC100A310BF /* Views */ = {
			isa = PBXGroup;
			children = (
				1F8F54C42C623C4900A310BF /* LogInView.swift */,
				1F8F54C62C623C5D00A310BF /* SignUpView.swift */,
				1F8F54C82C624CF100A310BF /* MainMenue.swift */,
				1F8F54CA2C634D7A00A310BF /* CategoriesSell.swift */,
				1F8F54CD2C634F1400A310BF /* CategoriesBuy.swift */,
				1F8F54CF2C635C6000A310BF /* AddArticleCard.swift */,
				F0649F992C64B0EC0044B2BA /* SplashScreenView.swift */,
				1F8F54D72C64C2CB00A310BF /* ArticleItem.swift */,
				1F8F54D92C64C32800A310BF /* ArticleList.swift */,
			);
			path = Views;
			sourceTree = "<group>";
		};
/* End PBXGroup section */

/* Begin PBXNativeTarget section */
		1F8F54A22C60FF4800A310BF /* Flohmarkt 2.0 */ = {
			isa = PBXNativeTarget;
			buildConfigurationList = 1F8F54B12C60FF4900A310BF /* Build configuration list for PBXNativeTarget "Flohmarkt 2.0" */;
			buildPhases = (
				1F8F549F2C60FF4800A310BF /* Sources */,
				1F8F54A02C60FF4800A310BF /* Frameworks */,
				1F8F54A12C60FF4800A310BF /* Resources */,
			);
			buildRules = (
			);
			dependencies = (
			);
			name = "Flohmarkt 2.0";
			productName = "Flohmarkt 2.0";
			productReference = 1F8F54A32C60FF4800A310BF /* Flohmarkt 2.0.app */;
			productType = "com.apple.product-type.application";
		};
/* End PBXNativeTarget section */

/* Begin PBXProject section */
		1F8F549B2C60FF4800A310BF /* Project object */ = {
			isa = PBXProject;
			attributes = {
				BuildIndependentTargetsInParallel = 1;
				LastSwiftUpdateCheck = 1510;
				LastUpgradeCheck = 1510;
				TargetAttributes = {
					1F8F54A22C60FF4800A310BF = {
						CreatedOnToolsVersion = 15.1;
					};
				};
			};
			buildConfigurationList = 1F8F549E2C60FF4800A310BF /* Build configuration list for PBXProject "Flohmarkt 2.0" */;
			compatibilityVersion = "Xcode 14.0";
			developmentRegion = en;
			hasScannedForEncodings = 0;
			knownRegions = (
				en,
				Base,
			);
			mainGroup = 1F8F549A2C60FF4800A310BF;
			productRefGroup = 1F8F54A42C60FF4800A310BF /* Products */;
			projectDirPath = "";
			projectRoot = "";
			targets = (
				1F8F54A22C60FF4800A310BF /* Flohmarkt 2.0 */,
			);
		};
/* End PBXProject section */

/* Begin PBXResourcesBuildPhase section */
		1F8F54A12C60FF4800A310BF /* Resources */ = {
			isa = PBXResourcesBuildPhase;
			buildActionMask = 2147483647;
			files = (
				1F8F54AE2C60FF4900A310BF /* Preview Assets.xcassets in Resources */,
				1F8F54AB2C60FF4900A310BF /* Assets.xcassets in Resources */,
			);
			runOnlyForDeploymentPostprocessing = 0;
		};
/* End PBXResourcesBuildPhase section */

/* Begin PBXSourcesBuildPhase section */
		1F8F549F2C60FF4800A310BF /* Sources */ = {
			isa = PBXSourcesBuildPhase;
			buildActionMask = 2147483647;
			files = (
				1F8F54BB2C61EEFF00A310BF /* Article.swift in Sources */,
				1F8F54BF2C62125D00A310BF /* UserViewModel.swift in Sources */,
				F0649F9A2C64B0EC0044B2BA /* SplashScreenView.swift in Sources */,
				1F8F54BD2C61EF1000A310BF /* EnumCategory.swift in Sources */,
				1F8F54A92C60FF4800A310BF /* ContentView.swift in Sources */,
				1F8F54CE2C634F1400A310BF /* CategoriesBuy.swift in Sources */,
				1F8F54A72C60FF4800A310BF /* Flohmarkt_2_0App.swift in Sources */,
				1F8F54D02C635C6000A310BF /* AddArticleCard.swift in Sources */,
				1F8F54C12C62127600A310BF /* ArticleViewModel.swift in Sources */,
				1F8F54C72C623C5D00A310BF /* SignUpView.swift in Sources */,
				1F8F54C52C623C4900A310BF /* LogInView.swift in Sources */,
				1F8F54B82C61EEE000A310BF /* User.swift in Sources */,
				1F8F54CB2C634D7A00A310BF /* CategoriesSell.swift in Sources */,
				1F8F54C32C62150A00A310BF /* Category.swift in Sources */,
				1F8F54DA2C64C32800A310BF /* ArticleList.swift in Sources */,
				1F8F54C92C624CF200A310BF /* MainMenue.swift in Sources */,
				1F8F54D82C64C2CB00A310BF /* ArticleItem.swift in Sources */,
			);
			runOnlyForDeploymentPostprocessing = 0;
		};
/* End PBXSourcesBuildPhase section */

/* Begin XCBuildConfiguration section */
		1F8F54AF2C60FF4900A310BF /* Debug */ = {
			isa = XCBuildConfiguration;
			buildSettings = {
				ALWAYS_SEARCH_USER_PATHS = NO;
				ASSETCATALOG_COMPILER_GENERATE_SWIFT_ASSET_SYMBOL_EXTENSIONS = YES;
				CLANG_ANALYZER_NONNULL = YES;
				CLANG_ANALYZER_NUMBER_OBJECT_CONVERSION = YES_AGGRESSIVE;
				CLANG_CXX_LANGUAGE_STANDARD = "gnu++20";
				CLANG_ENABLE_MODULES = YES;
				CLANG_ENABLE_OBJC_ARC = YES;
				CLANG_ENABLE_OBJC_WEAK = YES;
				CLANG_WARN_BLOCK_CAPTURE_AUTORELEASING = YES;
				CLANG_WARN_BOOL_CONVERSION = YES;
				CLANG_WARN_COMMA = YES;
				CLANG_WARN_CONSTANT_CONVERSION = YES;
				CLANG_WARN_DEPRECATED_OBJC_IMPLEMENTATIONS = YES;
				CLANG_WARN_DIRECT_OBJC_ISA_USAGE = YES_ERROR;
				CLANG_WARN_DOCUMENTATION_COMMENTS = YES;
				CLANG_WARN_EMPTY_BODY = YES;
				CLANG_WARN_ENUM_CONVERSION = YES;
				CLANG_WARN_INFINITE_RECURSION = YES;
				CLANG_WARN_INT_CONVERSION = YES;
				CLANG_WARN_NON_LITERAL_NULL_CONVERSION = YES;
				CLANG_WARN_OBJC_IMPLICIT_RETAIN_SELF = YES;
				CLANG_WARN_OBJC_LITERAL_CONVERSION = YES;
				CLANG_WARN_OBJC_ROOT_CLASS = YES_ERROR;
				CLANG_WARN_QUOTED_INCLUDE_IN_FRAMEWORK_HEADER = YES;
				CLANG_WARN_RANGE_LOOP_ANALYSIS = YES;
				CLANG_WARN_STRICT_PROTOTYPES = YES;
				CLANG_WARN_SUSPICIOUS_MOVE = YES;
				CLANG_WARN_UNGUARDED_AVAILABILITY = YES_AGGRESSIVE;
				CLANG_WARN_UNREACHABLE_CODE = YES;
				CLANG_WARN__DUPLICATE_METHOD_MATCH = YES;
				COPY_PHASE_STRIP = NO;
				DEBUG_INFORMATION_FORMAT = dwarf;
				ENABLE_STRICT_OBJC_MSGSEND = YES;
				ENABLE_TESTABILITY = YES;
				ENABLE_USER_SCRIPT_SANDBOXING = YES;
				GCC_C_LANGUAGE_STANDARD = gnu17;
				GCC_DYNAMIC_NO_PIC = NO;
				GCC_NO_COMMON_BLOCKS = YES;
				GCC_OPTIMIZATION_LEVEL = 0;
				GCC_PREPROCESSOR_DEFINITIONS = (
					"DEBUG=1",
					"$(inherited)",
				);
				GCC_WARN_64_TO_32_BIT_CONVERSION = YES;
				GCC_WARN_ABOUT_RETURN_TYPE = YES_ERROR;
				GCC_WARN_UNDECLARED_SELECTOR = YES;
				GCC_WARN_UNINITIALIZED_AUTOS = YES_AGGRESSIVE;
				GCC_WARN_UNUSED_FUNCTION = YES;
				GCC_WARN_UNUSED_VARIABLE = YES;
				IPHONEOS_DEPLOYMENT_TARGET = 17.2;
				LOCALIZATION_PREFERS_STRING_CATALOGS = YES;
				MTL_ENABLE_DEBUG_INFO = INCLUDE_SOURCE;
				MTL_FAST_MATH = YES;
				ONLY_ACTIVE_ARCH = YES;
				SDKROOT = iphoneos;
				SWIFT_ACTIVE_COMPILATION_CONDITIONS = "DEBUG $(inherited)";
				SWIFT_OPTIMIZATION_LEVEL = "-Onone";
			};
			name = Debug;
		};
		1F8F54B02C60FF4900A310BF /* Release */ = {
			isa = XCBuildConfiguration;
			buildSettings = {
				ALWAYS_SEARCH_USER_PATHS = NO;
				ASSETCATALOG_COMPILER_GENERATE_SWIFT_ASSET_SYMBOL_EXTENSIONS = YES;
				CLANG_ANALYZER_NONNULL = YES;
				CLANG_ANALYZER_NUMBER_OBJECT_CONVERSION = YES_AGGRESSIVE;
				CLANG_CXX_LANGUAGE_STANDARD = "gnu++20";
				CLANG_ENABLE_MODULES = YES;
				CLANG_ENABLE_OBJC_ARC = YES;
				CLANG_ENABLE_OBJC_WEAK = YES;
				CLANG_WARN_BLOCK_CAPTURE_AUTORELEASING = YES;
				CLANG_WARN_BOOL_CONVERSION = YES;
				CLANG_WARN_COMMA = YES;
				CLANG_WARN_CONSTANT_CONVERSION = YES;
				CLANG_WARN_DEPRECATED_OBJC_IMPLEMENTATIONS = YES;
				CLANG_WARN_DIRECT_OBJC_ISA_USAGE = YES_ERROR;
				CLANG_WARN_DOCUMENTATION_COMMENTS = YES;
				CLANG_WARN_EMPTY_BODY = YES;
				CLANG_WARN_ENUM_CONVERSION = YES;
				CLANG_WARN_INFINITE_RECURSION = YES;
				CLANG_WARN_INT_CONVERSION = YES;
				CLANG_WARN_NON_LITERAL_NULL_CONVERSION = YES;
				CLANG_WARN_OBJC_IMPLICIT_RETAIN_SELF = YES;
				CLANG_WARN_OBJC_LITERAL_CONVERSION = YES;
				CLANG_WARN_OBJC_ROOT_CLASS = YES_ERROR;
				CLANG_WARN_QUOTED_INCLUDE_IN_FRAMEWORK_HEADER = YES;
				CLANG_WARN_RANGE_LOOP_ANALYSIS = YES;
				CLANG_WARN_STRICT_PROTOTYPES = YES;
				CLANG_WARN_SUSPICIOUS_MOVE = YES;
				CLANG_WARN_UNGUARDED_AVAILABILITY = YES_AGGRESSIVE;
				CLANG_WARN_UNREACHABLE_CODE = YES;
				CLANG_WARN__DUPLICATE_METHOD_MATCH = YES;
				COPY_PHASE_STRIP = NO;
				DEBUG_INFORMATION_FORMAT = "dwarf-with-dsym";
				ENABLE_NS_ASSERTIONS = NO;
				ENABLE_STRICT_OBJC_MSGSEND = YES;
				ENABLE_USER_SCRIPT_SANDBOXING = YES;
				GCC_C_LANGUAGE_STANDARD = gnu17;
				GCC_NO_COMMON_BLOCKS = YES;
				GCC_WARN_64_TO_32_BIT_CONVERSION = YES;
				GCC_WARN_ABOUT_RETURN_TYPE = YES_ERROR;
				GCC_WARN_UNDECLARED_SELECTOR = YES;
				GCC_WARN_UNINITIALIZED_AUTOS = YES_AGGRESSIVE;
				GCC_WARN_UNUSED_FUNCTION = YES;
				GCC_WARN_UNUSED_VARIABLE = YES;
				IPHONEOS_DEPLOYMENT_TARGET = 17.2;
				LOCALIZATION_PREFERS_STRING_CATALOGS = YES;
				MTL_ENABLE_DEBUG_INFO = NO;
				MTL_FAST_MATH = YES;
				SDKROOT = iphoneos;
				SWIFT_COMPILATION_MODE = wholemodule;
				VALIDATE_PRODUCT = YES;
			};
			name = Release;
		};
		1F8F54B22C60FF4900A310BF /* Debug */ = {
			isa = XCBuildConfiguration;
			buildSettings = {
				ASSETCATALOG_COMPILER_APPICON_NAME = AppIcon;
				ASSETCATALOG_COMPILER_GLOBAL_ACCENT_COLOR_NAME = AccentColor;
				CODE_SIGN_STYLE = Automatic;
				CURRENT_PROJECT_VERSION = 1;
				DEVELOPMENT_ASSET_PATHS = "\"Flohmarkt 2.0/Preview Content\"";
				ENABLE_PREVIEWS = YES;
				GENERATE_INFOPLIST_FILE = YES;
				INFOPLIST_KEY_UIApplicationSceneManifest_Generation = YES;
				INFOPLIST_KEY_UIApplicationSupportsIndirectInputEvents = YES;
				INFOPLIST_KEY_UILaunchScreen_Generation = YES;
				INFOPLIST_KEY_UISupportedInterfaceOrientations_iPad = "UIInterfaceOrientationPortrait UIInterfaceOrientationPortraitUpsideDown UIInterfaceOrientationLandscapeLeft UIInterfaceOrientationLandscapeRight";
				INFOPLIST_KEY_UISupportedInterfaceOrientations_iPhone = "UIInterfaceOrientationPortrait UIInterfaceOrientationLandscapeLeft UIInterfaceOrientationLandscapeRight";
				LD_RUNPATH_SEARCH_PATHS = (
					"$(inherited)",
					"@executable_path/Frameworks",
				);
				MARKETING_VERSION = 1.0;
				PRODUCT_BUNDLE_IDENTIFIER = "MS82.Flohmarkt-2-0";
				PRODUCT_NAME = "$(TARGET_NAME)";
				SWIFT_EMIT_LOC_STRINGS = YES;
				SWIFT_VERSION = 5.0;
				TARGETED_DEVICE_FAMILY = "1,2";
			};
			name = Debug;
		};
		1F8F54B32C60FF4900A310BF /* Release */ = {
			isa = XCBuildConfiguration;
			buildSettings = {
				ASSETCATALOG_COMPILER_APPICON_NAME = AppIcon;
				ASSETCATALOG_COMPILER_GLOBAL_ACCENT_COLOR_NAME = AccentColor;
				CODE_SIGN_STYLE = Automatic;
				CURRENT_PROJECT_VERSION = 1;
				DEVELOPMENT_ASSET_PATHS = "\"Flohmarkt 2.0/Preview Content\"";
				ENABLE_PREVIEWS = YES;
				GENERATE_INFOPLIST_FILE = YES;
				INFOPLIST_KEY_UIApplicationSceneManifest_Generation = YES;
				INFOPLIST_KEY_UIApplicationSupportsIndirectInputEvents = YES;
				INFOPLIST_KEY_UILaunchScreen_Generation = YES;
				INFOPLIST_KEY_UISupportedInterfaceOrientations_iPad = "UIInterfaceOrientationPortrait UIInterfaceOrientationPortraitUpsideDown UIInterfaceOrientationLandscapeLeft UIInterfaceOrientationLandscapeRight";
				INFOPLIST_KEY_UISupportedInterfaceOrientations_iPhone = "UIInterfaceOrientationPortrait UIInterfaceOrientationLandscapeLeft UIInterfaceOrientationLandscapeRight";
				LD_RUNPATH_SEARCH_PATHS = (
					"$(inherited)",
					"@executable_path/Frameworks",
				);
				MARKETING_VERSION = 1.0;
				PRODUCT_BUNDLE_IDENTIFIER = "MS82.Flohmarkt-2-0";
				PRODUCT_NAME = "$(TARGET_NAME)";
				SWIFT_EMIT_LOC_STRINGS = YES;
				SWIFT_VERSION = 5.0;
				TARGETED_DEVICE_FAMILY = "1,2";
			};
			name = Release;
		};
/* End XCBuildConfiguration section */

/* Begin XCConfigurationList section */
		1F8F549E2C60FF4800A310BF /* Build configuration list for PBXProject "Flohmarkt 2.0" */ = {
			isa = XCConfigurationList;
			buildConfigurations = (
				1F8F54AF2C60FF4900A310BF /* Debug */,
				1F8F54B02C60FF4900A310BF /* Release */,
			);
			defaultConfigurationIsVisible = 0;
			defaultConfigurationName = Release;
		};
		1F8F54B12C60FF4900A310BF /* Build configuration list for PBXNativeTarget "Flohmarkt 2.0" */ = {
			isa = XCConfigurationList;
			buildConfigurations = (
				1F8F54B22C60FF4900A310BF /* Debug */,
				1F8F54B32C60FF4900A310BF /* Release */,
			);
			defaultConfigurationIsVisible = 0;
			defaultConfigurationName = Release;
		};
/* End XCConfigurationList section */
	};
	rootObject = 1F8F549B2C60FF4800A310BF /* Project object */;
}
